
Microsoft Visual Studio Solution File, Format Version 12.00
# Visual Studio Version 16
VisualStudioVersion = 16.0.31515.178
MinimumVisualStudioVersion = 10.0.40219.1
Project("{FAE04EC0-301F-11D3-BF4B-00C04F79EFBC}") = "app.Android", "app\app.Android\app.Android.csproj", "{78D80B26-AE59-407E-B172-55C6DD6CE220}"
EndProject
Project("{FAE04EC0-301F-11D3-BF4B-00C04F79EFBC}") = "app.iOS", "app\app.iOS\app.iOS.csproj", "{FDFCECA1-A763-4560-8727-CB67348445C9}"
EndProject
Project("{FAE04EC0-301F-11D3-BF4B-00C04F79EFBC}") = "app", "app\app\app.csproj", "{7B572175-E884-4240-A266-F93C34B98DCF}"
EndProject
Global
	GlobalSection(SolutionConfigurationPlatforms) = preSolution
		Debug|Any CPU = Debug|Any CPU
		Debug|iPhone = Debug|iPhone
		Debug|iPhoneSimulator = Debug|iPhoneSimulator
		Release|Any CPU = Release|Any CPU
		Release|iPhone = Release|iPhone
		Release|iPhoneSimulator = Release|iPhoneSimulator
	EndGlobalSection
	GlobalSection(ProjectConfigurationPlatforms) = postSolution
		{78D80B26-AE59-407E-B172-55C6DD6CE220}.Debug|Any CPU.ActiveCfg = Debug|Any CPU
		{78D80B26-AE59-407E-B172-55C6DD6CE220}.Debug|Any CPU.Build.0 = Debug|Any CPU
		{78D80B26-AE59-407E-B172-55C6DD6CE220}.Debug|Any CPU.Deploy.0 = Debug|Any CPU
		{78D80B26-AE59-407E-B172-55C6DD6CE220}.Debug|iPhone.ActiveCfg = Debug|Any CPU
		{78D80B26-AE59-407E-B172-55C6DD6CE220}.Debug|iPhone.Build.0 = Debug|Any CPU
		{78D80B26-AE59-407E-B172-55C6DD6CE220}.Debug|iPhone.Deploy.0 = Debug|Any CPU
		{78D80B26-AE59-407E-B172-55C6DD6CE220}.Debug|iPhoneSimulator.ActiveCfg = Debug|Any CPU
		{78D80B26-AE59-407E-B172-55C6DD6CE220}.Debug|iPhoneSimulator.Build.0 = Debug|Any CPU
		{78D80B26-AE59-407E-B172-55C6DD6CE220}.Debug|iPhoneSimulator.Deploy.0 = Debug|Any CPU
		{78D80B26-AE59-407E-B172-55C6DD6CE220}.Release|Any CPU.ActiveCfg = Release|Any CPU
		{78D80B26-AE59-407E-B172-55C6DD6CE220}.Release|Any CPU.Build.0 = Release|Any CPU
		{78D80B26-AE59-407E-B172-55C6DD6CE220}.Release|Any CPU.Deploy.0 = Release|Any CPU
		{78D80B26-AE59-407E-B172-55C6DD6CE220}.Release|iPhone.ActiveCfg = Release|Any CPU
		{78D80B26-AE59-407E-B172-55C6DD6CE220}.Release|iPhone.Build.0 = Release|Any CPU
		{78D80B26-AE59-407E-B172-55C6DD6CE220}.Release|iPhone.Deploy.0 = Release|Any CPU
		{78D80B26-AE59-407E-B172-55C6DD6CE220}.Release|iPhoneSimulator.ActiveCfg = Release|Any CPU
		{78D80B26-AE59-407E-B172-55C6DD6CE220}.Release|iPhoneSimulator.Build.0 = Release|Any CPU
		{78D80B26-AE59-407E-B172-55C6DD6CE220}.Release|iPhoneSimulator.Deploy.0 = Release|Any CPU
		{FDFCECA1-A763-4560-8727-CB67348445C9}.Debug|Any CPU.ActiveCfg = Debug|iPhone
		{FDFCECA1-A763-4560-8727-CB67348445C9}.Debug|Any CPU.Build.0 = Debug|iPhone
		{FDFCECA1-A763-4560-8727-CB67348445C9}.Debug|Any CPU.Deploy.0 = Debug|iPhone
		{FDFCECA1-A763-4560-8727-CB67348445C9}.Debug|iPhone.ActiveCfg = Debug|iPhone
		{FDFCECA1-A763-4560-8727-CB67348445C9}.Debug|iPhone.Build.0 = Debug|iPhone
		{FDFCECA1-A763-4560-8727-CB67348445C9}.Debug|iPhone.Deploy.0 = Debug|iPhone
		{FDFCECA1-A763-4560-8727-CB67348445C9}.Debug|iPhoneSimulator.ActiveCfg = Debug|iPhoneSimulator
		{FDFCECA1-A763-4560-8727-CB67348445C9}.Debug|iPhoneSimulator.Build.0 = Debug|iPhoneSimulator
		{FDFCECA1-A763-4560-8727-CB67348445C9}.Debug|iPhoneSimulator.Deploy.0 = Debug|iPhoneSimulator
		{FDFCECA1-A763-4560-8727-CB67348445C9}.Release|Any CPU.ActiveCfg = Release|iPhoneSimulator
		{FDFCECA1-A763-4560-8727-CB67348445C9}.Release|Any CPU.Build.0 = Release|iPhoneSimulator
		{FDFCECA1-A763-4560-8727-CB67348445C9}.Release|Any CPU.Deploy.0 = Release|iPhoneSimulator
		{FDFCECA1-A763-4560-8727-CB67348445C9}.Release|iPhone.ActiveCfg = Release|iPhone
		{FDFCECA1-A763-4560-8727-CB67348445C9}.Release|iPhone.Build.0 = Release|iPhone
		{FDFCECA1-A763-4560-8727-CB67348445C9}.Release|iPhone.Deploy.0 = Release|iPhone
		{FDFCECA1-A763-4560-8727-CB67348445C9}.Release|iPhoneSimulator.ActiveCfg = Release|iPhoneSimulator
		{FDFCECA1-A763-4560-8727-CB67348445C9}.Release|iPhoneSimulator.Build.0 = Release|iPhoneSimulator
		{FDFCECA1-A763-4560-8727-CB67348445C9}.Release|iPhoneSimulator.Deploy.0 = Release|iPhoneSimulator
		{7B572175-E884-4240-A266-F93C34B98DCF}.Debug|Any CPU.ActiveCfg = Debug|Any CPU
		{7B572175-E884-4240-A266-F93C34B98DCF}.Debug|Any CPU.Build.0 = Debug|Any CPU
		{7B572175-E884-4240-A266-F93C34B98DCF}.Debug|Any CPU.Deploy.0 = Debug|Any CPU
		{7B572175-E884-4240-A266-F93C34B98DCF}.Debug|iPhone.ActiveCfg = Debug|Any CPU
		{7B572175-E884-4240-A266-F93C34B98DCF}.Debug|iPhone.Build.0 = Debug|Any CPU
		{7B572175-E884-4240-A266-F93C34B98DCF}.Debug|iPhone.Deploy.0 = Debug|Any CPU
		{7B572175-E884-4240-A266-F93C34B98DCF}.Debug|iPhoneSimulator.ActiveCfg = Debug|Any CPU
		{7B572175-E884-4240-A266-F93C34B98DCF}.Debug|iPhoneSimulator.Build.0 = Debug|Any CPU
		{7B572175-E884-4240-A266-F93C34B98DCF}.Debug|iPhoneSimulator.Deploy.0 = Debug|Any CPU
		{7B572175-E884-4240-A266-F93C34B98DCF}.Release|Any CPU.ActiveCfg = Release|Any CPU
		{7B572175-E884-4240-A266-F93C34B98DCF}.Release|Any CPU.Build.0 = Release|Any CPU
		{7B572175-E884-4240-A266-F93C34B98DCF}.Release|Any CPU.Deploy.0 = Release|Any CPU
		{7B572175-E884-4240-A266-F93C34B98DCF}.Release|iPhone.ActiveCfg = Release|Any CPU
		{7B572175-E884-4240-A266-F93C34B98DCF}.Release|iPhone.Build.0 = Release|Any CPU
		{7B572175-E884-4240-A266-F93C34B98DCF}.Release|iPhone.Deploy.0 = Release|Any CPU
		{7B572175-E884-4240-A266-F93C34B98DCF}.Release|iPhoneSimulator.ActiveCfg = Release|Any CPU
		{7B572175-E884-4240-A266-F93C34B98DCF}.Release|iPhoneSimulator.Build.0 = Release|Any CPU
		{7B572175-E884-4240-A266-F93C34B98DCF}.Release|iPhoneSimulator.Deploy.0 = Release|Any CPU
	EndGlobalSection
	GlobalSection(SolutionProperties) = preSolution
		HideSolutionNode = FALSE
	EndGlobalSection
	GlobalSection(ExtensibilityGlobals) = postSolution
		SolutionGuid = {EDD36738-9733-4B2B-AF31-FF3D486EBECD}
	EndGlobalSection
EndGlobal
