
Microsoft Visual Studio Solution File, Format Version 12.00
# Visual Studio Version 16
VisualStudioVersion = 16.0.31515.178
MinimumVisualStudioVersion = 10.0.40219.1
Project("{FAE04EC0-301F-11D3-BF4B-00C04F79EFBC}") = "App1.Android", "App1\App1.Android\App1.Android.csproj", "{70E1B213-4657-47B6-B0A1-725E57237ED8}"
EndProject
Project("{FAE04EC0-301F-11D3-BF4B-00C04F79EFBC}") = "App1.iOS", "App1\App1.iOS\App1.iOS.csproj", "{C09C6381-21D9-42BF-A599-9076624BF17F}"
EndProject
Project("{FAE04EC0-301F-11D3-BF4B-00C04F79EFBC}") = "App1", "App1\App1\App1.csproj", "{1AF30533-0362-48E4-97F4-AFDA561729AB}"
EndProject
Global
	GlobalSection(SolutionConfigurationPlatforms) = preSolution
		Debug|Any CPU = Debug|Any CPU
		Debug|iPhone = Debug|iPhone
		Debug|iPhoneSimulator = Debug|iPhoneSimulator
		Release|Any CPU = Release|Any CPU
		Release|iPhone = Release|iPhone
		Release|iPhoneSimulator = Release|iPhoneSimulator
	EndGlobalSection
	GlobalSection(ProjectConfigurationPlatforms) = postSolution
		{70E1B213-4657-47B6-B0A1-725E57237ED8}.Debug|Any CPU.ActiveCfg = Debug|Any CPU
		{70E1B213-4657-47B6-B0A1-725E57237ED8}.Debug|Any CPU.Build.0 = Debug|Any CPU
		{70E1B213-4657-47B6-B0A1-725E57237ED8}.Debug|Any CPU.Deploy.0 = Debug|Any CPU
		{70E1B213-4657-47B6-B0A1-725E57237ED8}.Debug|iPhone.ActiveCfg = Debug|Any CPU
		{70E1B213-4657-47B6-B0A1-725E57237ED8}.Debug|iPhone.Build.0 = Debug|Any CPU
		{70E1B213-4657-47B6-B0A1-725E57237ED8}.Debug|iPhone.Deploy.0 = Debug|Any CPU
		{70E1B213-4657-47B6-B0A1-725E57237ED8}.Debug|iPhoneSimulator.ActiveCfg = Debug|Any CPU
		{70E1B213-4657-47B6-B0A1-725E57237ED8}.Debug|iPhoneSimulator.Build.0 = Debug|Any CPU
		{70E1B213-4657-47B6-B0A1-725E57237ED8}.Debug|iPhoneSimulator.Deploy.0 = Debug|Any CPU
		{70E1B213-4657-47B6-B0A1-725E57237ED8}.Release|Any CPU.ActiveCfg = Release|Any CPU
		{70E1B213-4657-47B6-B0A1-725E57237ED8}.Release|Any CPU.Build.0 = Release|Any CPU
		{70E1B213-4657-47B6-B0A1-725E57237ED8}.Release|Any CPU.Deploy.0 = Release|Any CPU
		{70E1B213-4657-47B6-B0A1-725E57237ED8}.Release|iPhone.ActiveCfg = Release|Any CPU
		{70E1B213-4657-47B6-B0A1-725E57237ED8}.Release|iPhone.Build.0 = Release|Any CPU
		{70E1B213-4657-47B6-B0A1-725E57237ED8}.Release|iPhone.Deploy.0 = Release|Any CPU
		{70E1B213-4657-47B6-B0A1-725E57237ED8}.Release|iPhoneSimulator.ActiveCfg = Release|Any CPU
		{70E1B213-4657-47B6-B0A1-725E57237ED8}.Release|iPhoneSimulator.Build.0 = Release|Any CPU
		{70E1B213-4657-47B6-B0A1-725E57237ED8}.Release|iPhoneSimulator.Deploy.0 = Release|Any CPU
		{C09C6381-21D9-42BF-A599-9076624BF17F}.Debug|Any CPU.ActiveCfg = Debug|iPhone
		{C09C6381-21D9-42BF-A599-9076624BF17F}.Debug|Any CPU.Build.0 = Debug|iPhone
		{C09C6381-21D9-42BF-A599-9076624BF17F}.Debug|Any CPU.Deploy.0 = Debug|iPhone
		{C09C6381-21D9-42BF-A599-9076624BF17F}.Debug|iPhone.ActiveCfg = Debug|iPhone
		{C09C6381-21D9-42BF-A599-9076624BF17F}.Debug|iPhone.Build.0 = Debug|iPhone
		{C09C6381-21D9-42BF-A599-9076624BF17F}.Debug|iPhone.Deploy.0 = Debug|iPhone
		{C09C6381-21D9-42BF-A599-9076624BF17F}.Debug|iPhoneSimulator.ActiveCfg = Debug|iPhoneSimulator
		{C09C6381-21D9-42BF-A599-9076624BF17F}.Debug|iPhoneSimulator.Build.0 = Debug|iPhoneSimulator
		{C09C6381-21D9-42BF-A599-9076624BF17F}.Debug|iPhoneSimulator.Deploy.0 = Debug|iPhoneSimulator
		{C09C6381-21D9-42BF-A599-9076624BF17F}.Release|Any CPU.ActiveCfg = Release|iPhoneSimulator
		{C09C6381-21D9-42BF-A599-9076624BF17F}.Release|Any CPU.Build.0 = Release|iPhoneSimulator
		{C09C6381-21D9-42BF-A599-9076624BF17F}.Release|Any CPU.Deploy.0 = Release|iPhoneSimulator
		{C09C6381-21D9-42BF-A599-9076624BF17F}.Release|iPhone.ActiveCfg = Release|iPhone
		{C09C6381-21D9-42BF-A599-9076624BF17F}.Release|iPhone.Build.0 = Release|iPhone
		{C09C6381-21D9-42BF-A599-9076624BF17F}.Release|iPhone.Deploy.0 = Release|iPhone
		{C09C6381-21D9-42BF-A599-9076624BF17F}.Release|iPhoneSimulator.ActiveCfg = Release|iPhoneSimulator
		{C09C6381-21D9-42BF-A599-9076624BF17F}.Release|iPhoneSimulator.Build.0 = Release|iPhoneSimulator
		{C09C6381-21D9-42BF-A599-9076624BF17F}.Release|iPhoneSimulator.Deploy.0 = Release|iPhoneSimulator
		{1AF30533-0362-48E4-97F4-AFDA561729AB}.Debug|Any CPU.ActiveCfg = Debug|Any CPU
		{1AF30533-0362-48E4-97F4-AFDA561729AB}.Debug|Any CPU.Build.0 = Debug|Any CPU
		{1AF30533-0362-48E4-97F4-AFDA561729AB}.Debug|Any CPU.Deploy.0 = Debug|Any CPU
		{1AF30533-0362-48E4-97F4-AFDA561729AB}.Debug|iPhone.ActiveCfg = Debug|Any CPU
		{1AF30533-0362-48E4-97F4-AFDA561729AB}.Debug|iPhone.Build.0 = Debug|Any CPU
		{1AF30533-0362-48E4-97F4-AFDA561729AB}.Debug|iPhone.Deploy.0 = Debug|Any CPU
		{1AF30533-0362-48E4-97F4-AFDA561729AB}.Debug|iPhoneSimulator.ActiveCfg = Debug|Any CPU
		{1AF30533-0362-48E4-97F4-AFDA561729AB}.Debug|iPhoneSimulator.Build.0 = Debug|Any CPU
		{1AF30533-0362-48E4-97F4-AFDA561729AB}.Debug|iPhoneSimulator.Deploy.0 = Debug|Any CPU
		{1AF30533-0362-48E4-97F4-AFDA561729AB}.Release|Any CPU.ActiveCfg = Release|Any CPU
		{1AF30533-0362-48E4-97F4-AFDA561729AB}.Release|Any CPU.Build.0 = Release|Any CPU
		{1AF30533-0362-48E4-97F4-AFDA561729AB}.Release|Any CPU.Deploy.0 = Release|Any CPU
		{1AF30533-0362-48E4-97F4-AFDA561729AB}.Release|iPhone.ActiveCfg = Release|Any CPU
		{1AF30533-0362-48E4-97F4-AFDA561729AB}.Release|iPhone.Build.0 = Release|Any CPU
		{1AF30533-0362-48E4-97F4-AFDA561729AB}.Release|iPhone.Deploy.0 = Release|Any CPU
		{1AF30533-0362-48E4-97F4-AFDA561729AB}.Release|iPhoneSimulator.ActiveCfg = Release|Any CPU
		{1AF30533-0362-48E4-97F4-AFDA561729AB}.Release|iPhoneSimulator.Build.0 = Release|Any CPU
		{1AF30533-0362-48E4-97F4-AFDA561729AB}.Release|iPhoneSimulator.Deploy.0 = Release|Any CPU
	EndGlobalSection
	GlobalSection(SolutionProperties) = preSolution
		HideSolutionNode = FALSE
	EndGlobalSection
	GlobalSection(ExtensibilityGlobals) = postSolution
		SolutionGuid = {FEC660A5-481C-4BA8-A040-42D2CEEA897C}
	EndGlobalSection
EndGlobal
